
Microsoft Visual Studio Solution File, Format Version 12.00
# Visual Studio Version 17
VisualStudioVersion = 17.7.34202.233
MinimumVisualStudioVersion = 10.0.40219.1
Project("{9A19103F-16F7-4668-BE54-9A1E7A4F7556}") = "MakeMyTrip", "MakeMyTrip\MakeMyTrip.csproj", "{AEE932FF-DC1F-44DC-ABC5-6BACEB7CDC64}"
EndProject
Project("{9A19103F-16F7-4668-BE54-9A1E7A4F7556}") = "MakeMyTripBus", "MakeMyTripBus\MakeMyTripBus.csproj", "{1A058281-4F81-4C4F-9BEB-CD23EAADFA71}"
EndProject
Global
	GlobalSection(SolutionConfigurationPlatforms) = preSolution
		Debug|Any CPU = Debug|Any CPU
		Release|Any CPU = Release|Any CPU
	EndGlobalSection
	GlobalSection(ProjectConfigurationPlatforms) = postSolution
		{AEE932FF-DC1F-44DC-ABC5-6BACEB7CDC64}.Debug|Any CPU.ActiveCfg = Debug|Any CPU
		{AEE932FF-DC1F-44DC-ABC5-6BACEB7CDC64}.Debug|Any CPU.Build.0 = Debug|Any CPU
		{AEE932FF-DC1F-44DC-ABC5-6BACEB7CDC64}.Release|Any CPU.ActiveCfg = Release|Any CPU
		{AEE932FF-DC1F-44DC-ABC5-6BACEB7CDC64}.Release|Any CPU.Build.0 = Release|Any CPU
		{1A058281-4F81-4C4F-9BEB-CD23EAADFA71}.Debug|Any CPU.ActiveCfg = Debug|Any CPU
		{1A058281-4F81-4C4F-9BEB-CD23EAADFA71}.Debug|Any CPU.Build.0 = Debug|Any CPU
		{1A058281-4F81-4C4F-9BEB-CD23EAADFA71}.Release|Any CPU.ActiveCfg = Release|Any CPU
		{1A058281-4F81-4C4F-9BEB-CD23EAADFA71}.Release|Any CPU.Build.0 = Release|Any CPU
	EndGlobalSection
	GlobalSection(SolutionProperties) = preSolution
		HideSolutionNode = FALSE
	EndGlobalSection
	GlobalSection(ExtensibilityGlobals) = postSolution
		SolutionGuid = {2DA03C7C-6527-4DCD-A9CD-4874F6216929}
	EndGlobalSection
EndGlobal
