
Microsoft Visual Studio Solution File, Format Version 12.00
# Visual Studio Version 17
VisualStudioVersion = 17.6.33801.468
MinimumVisualStudioVersion = 10.0.40219.1
Project("{FAE04EC0-301F-11D3-BF4B-00C04F79EFBC}") = "BDD_PetStore", "BDD_PetStore\BDD_PetStore.csproj", "{C1B74718-0DE3-4AC1-9DB3-0103A5031049}"
EndProject
Project("{FAE04EC0-301F-11D3-BF4B-00C04F79EFBC}") = "Selenium_PetStore", "Selenium_PetStore\Selenium_PetStore.csproj", "{15C3BBEC-28C7-49E1-B64C-95CC98B8334D}"
EndProject
Global
	GlobalSection(SolutionConfigurationPlatforms) = preSolution
		Debug|Any CPU = Debug|Any CPU
		Release|Any CPU = Release|Any CPU
	EndGlobalSection
	GlobalSection(ProjectConfigurationPlatforms) = postSolution
		{C1B74718-0DE3-4AC1-9DB3-0103A5031049}.Debug|Any CPU.ActiveCfg = Debug|Any CPU
		{C1B74718-0DE3-4AC1-9DB3-0103A5031049}.Debug|Any CPU.Build.0 = Debug|Any CPU
		{C1B74718-0DE3-4AC1-9DB3-0103A5031049}.Release|Any CPU.ActiveCfg = Release|Any CPU
		{C1B74718-0DE3-4AC1-9DB3-0103A5031049}.Release|Any CPU.Build.0 = Release|Any CPU
		{15C3BBEC-28C7-49E1-B64C-95CC98B8334D}.Debug|Any CPU.ActiveCfg = Debug|Any CPU
		{15C3BBEC-28C7-49E1-B64C-95CC98B8334D}.Debug|Any CPU.Build.0 = Debug|Any CPU
		{15C3BBEC-28C7-49E1-B64C-95CC98B8334D}.Release|Any CPU.ActiveCfg = Release|Any CPU
		{15C3BBEC-28C7-49E1-B64C-95CC98B8334D}.Release|Any CPU.Build.0 = Release|Any CPU
	EndGlobalSection
	GlobalSection(SolutionProperties) = preSolution
		HideSolutionNode = FALSE
	EndGlobalSection
	GlobalSection(ExtensibilityGlobals) = postSolution
		SolutionGuid = {F0EC52E6-58F3-452D-BF20-5F7B6FF87AB8}
	EndGlobalSection
EndGlobal
